
Microsoft Visual Studio Solution File, Format Version 12.00
# Visual Studio Version 17
VisualStudioVersion = 17.14.36705.20 d17.14
MinimumVisualStudioVersion = 10.0.40219.1
Project("{FAE04EC0-301F-11D3-BF4B-00C04F79EFBC}") = "SfDataGridDemo", "SfDataGridDemo.csproj", "{398336B8-3F5D-4DE3-9327-8C304095F91C}"
EndProject
Global
	GlobalSection(SolutionConfigurationPlatforms) = preSolution
		Debug|Any CPU = Debug|Any CPU
		Release|Any CPU = Release|Any CPU
	EndGlobalSection
	GlobalSection(ProjectConfigurationPlatforms) = postSolution
		{398336B8-3F5D-4DE3-9327-8C304095F91C}.Debug|Any CPU.ActiveCfg = Debug|Any CPU
		{398336B8-3F5D-4DE3-9327-8C304095F91C}.Debug|Any CPU.Build.0 = Debug|Any CPU
		{398336B8-3F5D-4DE3-9327-8C304095F91C}.Release|Any CPU.ActiveCfg = Release|Any CPU
		{398336B8-3F5D-4DE3-9327-8C304095F91C}.Release|Any CPU.Build.0 = Release|Any CPU
	EndGlobalSection
	GlobalSection(SolutionProperties) = preSolution
		HideSolutionNode = FALSE
	EndGlobalSection
	GlobalSection(ExtensibilityGlobals) = postSolution
		SolutionGuid = {3E4E52BD-66AF-40B5-A10F-A2BFA29F7E1B}
	EndGlobalSection
EndGlobal
